// !$*UTF8*$!
{ archiveVersion = 1; classes = {}; objectVersion = 56; objects = {
A00000000000000000000001 = {isa = PBXFileReference; lastKnownFileType = folder.assetcatalog; path = Assets.xcassets; sourceTree = "<group>";};
A00000000000000000000002 = {isa = PBXBuildFile; fileRef = A00000000000000000000001;};
C5FE3686ABDDD49D427841D1 = { isa = PBXFileReference; lastKnownFileType = sourcecode.c.objc; path = "audio.m"; sourceTree = "<group>"; };
385D4D0A03CF25646FE739A1 = { isa = PBXBuildFile; fileRef = C5FE3686ABDDD49D427841D1; };
452DB4DE4CF8975833B35F51 = { isa = PBXFileReference; lastKnownFileType = sourcecode.c.objc; path = "main.m"; sourceTree = "<group>"; };
53D16E012BBD260EDDB19856 = { isa = PBXBuildFile; fileRef = 452DB4DE4CF8975833B35F51; };
4D34D0CA2ABF09501097763A = { isa = PBXFileReference; lastKnownFileType = sourcecode.c.c; path = "../render.c"; sourceTree = "<group>"; };
4C38E64F9DA939794B2E9304 = { isa = PBXBuildFile; fileRef = 4D34D0CA2ABF09501097763A; };
E755E6070CCA6264F6A8C6C8 = { isa = PBXFileReference; lastKnownFileType = sourcecode.c.c; path = "../progress.c"; sourceTree = "<group>"; };
E07B881E2B84DCD336FCBE7B = { isa = PBXBuildFile; fileRef = E755E6070CCA6264F6A8C6C8; };
297C0C299B1E0CD20EB10645 = { isa = PBXFileReference; lastKnownFileType = sourcecode.c.c; path = "../vendor/celeste.c"; sourceTree = "<group>"; };
378A0E1290E731D5BEA75AE5 = { isa = PBXBuildFile; fileRef = 297C0C299B1E0CD20EB10645; };
38A007151ABE87CC01A5B6E9 = { isa = PBXFileReference; explicitFileType = wrapper.application; path = CelesteClassic.app; sourceTree = BUILT_PRODUCTS_DIR; };
64292B1C2B2E13EAD8788FC8 = { isa = PBXGroup; children = (A00000000000000000000001,C5FE3686ABDDD49D427841D1,452DB4DE4CF8975833B35F51,4D34D0CA2ABF09501097763A,E755E6070CCA6264F6A8C6C8,297C0C299B1E0CD20EB10645,FBDC4F23F93125BBEEAE800C); sourceTree = "<group>"; };
FBDC4F23F93125BBEEAE800C = { isa = PBXGroup; children = (38A007151ABE87CC01A5B6E9); name = Products; sourceTree = "<group>"; };
BCE16DD0260827ECF338C787 = { isa = PBXSourcesBuildPhase; buildActionMask = 2147483647; files = (385D4D0A03CF25646FE739A1,53D16E012BBD260EDDB19856,4C38E64F9DA939794B2E9304,E07B881E2B84DCD336FCBE7B,378A0E1290E731D5BEA75AE5); runOnlyForDeploymentPostprocessing = 0; };
0189424A5A60FED329FA868E = { isa = PBXResourcesBuildPhase; buildActionMask = 2147483647; files = (A00000000000000000000002); runOnlyForDeploymentPostprocessing = 0; };
7561BFB015D8F536760CB671 = { isa = PBXFrameworksBuildPhase; buildActionMask = 2147483647; files = (); runOnlyForDeploymentPostprocessing = 0; };
369E70E1EE7A07C74E211771 = { isa = XCBuildConfiguration; name = Debug; buildSettings = { ASSETCATALOG_COMPILER_APPICON_NAME = AppIcon; PRODUCT_NAME = CelesteClassic; PRODUCT_BUNDLE_IDENTIFIER = com.kianconti.CelesteClassic; DEVELOPMENT_TEAM = 44R4W2A8GP; CODE_SIGN_STYLE = Automatic; SDKROOT = iphoneos; SUPPORTED_PLATFORMS = "iphoneos iphonesimulator"; IPHONEOS_DEPLOYMENT_TARGET = 18.0; TARGETED_DEVICE_FAMILY = 1; GENERATE_INFOPLIST_FILE = YES; INFOPLIST_KEY_UIApplicationSceneManifest_Generation = YES; INFOPLIST_KEY_CFBundleDisplayName = "Celeste Classic"; INFOPLIST_KEY_UILaunchScreen_Generation = YES; INFOPLIST_KEY_UISupportedInterfaceOrientations = UIInterfaceOrientationPortrait; CLANG_ENABLE_OBJC_ARC = YES; CLANG_ENABLE_MODULES = YES; GCC_PREPROCESSOR_DEFINITIONS = ("HOST_TEST=1", "CELESTE_IOS=1"); HEADER_SEARCH_PATHS = "$(SRCROOT)/.."; OTHER_LDFLAGS = ("-framework", UIKit, "-framework", QuartzCore, "-framework", AVFoundation); MARKETING_VERSION = 1.0; CURRENT_PROJECT_VERSION = 1; ENABLE_USER_SCRIPT_SANDBOXING = NO; }; };
76F7908EA5F01C80B532443B = { isa = XCBuildConfiguration; name = Debug; buildSettings = {}; };
502D350B1D76FA1259FFDE36 = { isa = XCBuildConfiguration; name = Release; buildSettings = { ASSETCATALOG_COMPILER_APPICON_NAME = AppIcon; PRODUCT_NAME = CelesteClassic; PRODUCT_BUNDLE_IDENTIFIER = com.kianconti.CelesteClassic; DEVELOPMENT_TEAM = 44R4W2A8GP; CODE_SIGN_STYLE = Automatic; SDKROOT = iphoneos; SUPPORTED_PLATFORMS = "iphoneos iphonesimulator"; IPHONEOS_DEPLOYMENT_TARGET = 18.0; TARGETED_DEVICE_FAMILY = 1; GENERATE_INFOPLIST_FILE = YES; INFOPLIST_KEY_UIApplicationSceneManifest_Generation = YES; INFOPLIST_KEY_CFBundleDisplayName = "Celeste Classic"; INFOPLIST_KEY_UILaunchScreen_Generation = YES; INFOPLIST_KEY_UISupportedInterfaceOrientations = UIInterfaceOrientationPortrait; CLANG_ENABLE_OBJC_ARC = YES; CLANG_ENABLE_MODULES = YES; GCC_PREPROCESSOR_DEFINITIONS = ("HOST_TEST=1", "CELESTE_IOS=1"); HEADER_SEARCH_PATHS = "$(SRCROOT)/.."; OTHER_LDFLAGS = ("-framework", UIKit, "-framework", QuartzCore, "-framework", AVFoundation); MARKETING_VERSION = 1.0; CURRENT_PROJECT_VERSION = 1; ENABLE_USER_SCRIPT_SANDBOXING = NO; }; };
E2E61841BDF6E60989E8C331 = { isa = XCBuildConfiguration; name = Release; buildSettings = {}; };
5FB66943637FEB59E5652D81 = { isa = XCConfigurationList; buildConfigurations = (369E70E1EE7A07C74E211771,502D350B1D76FA1259FFDE36); defaultConfigurationIsVisible = 0; defaultConfigurationName = Debug; };
FB82D759FB6CC8BAF965A9B2 = { isa = XCConfigurationList; buildConfigurations = (76F7908EA5F01C80B532443B,E2E61841BDF6E60989E8C331); defaultConfigurationIsVisible = 0; defaultConfigurationName = Debug; };
0E8A3AD980EC179856012B7E = { isa = PBXNativeTarget; buildConfigurationList = 5FB66943637FEB59E5652D81; buildPhases = (BCE16DD0260827ECF338C787,7561BFB015D8F536760CB671,0189424A5A60FED329FA868E); buildRules = (); dependencies = (); name = CelesteClassic; productName = CelesteClassic; productReference = 38A007151ABE87CC01A5B6E9; productType = "com.apple.product-type.application"; };
98F54143AB4E86B28C3AFEE0 = { isa = PBXProject; attributes = { LastUpgradeCheck = 2700; }; buildConfigurationList = FB82D759FB6CC8BAF965A9B2; compatibilityVersion = "Xcode 14.0"; developmentRegion = en; knownRegions = (en,Base); mainGroup = 64292B1C2B2E13EAD8788FC8; productRefGroup = FBDC4F23F93125BBEEAE800C; projectDirPath = ""; projectRoot = ""; targets = (0E8A3AD980EC179856012B7E); };
}; rootObject = 98F54143AB4E86B28C3AFEE0; }
